
Microsoft Visual Studio Solution File, Format Version 12.00
# Visual Studio Version 16
VisualStudioVersion = 16.0.32407.337
MinimumVisualStudioVersion = 10.0.40219.1
Project("{FAE04EC0-301F-11D3-BF4B-00C04F79EFBC}") = "LabTool", "LabTool\LabTool.csproj", "{D8576395-29B8-49D0-B400-468CB553B3D0}"
EndProject
Global
	GlobalSection(SolutionConfigurationPlatforms) = preSolution
		Debug|Any CPU = Debug|Any CPU
		Release|Any CPU = Release|Any CPU
	EndGlobalSection
	GlobalSection(ProjectConfigurationPlatforms) = postSolution
		{D8576395-29B8-49D0-B400-468CB553B3D0}.Debug|Any CPU.ActiveCfg = Debug|Any CPU
		{D8576395-29B8-49D0-B400-468CB553B3D0}.Debug|Any CPU.Build.0 = Debug|Any CPU
		{D8576395-29B8-49D0-B400-468CB553B3D0}.Release|Any CPU.ActiveCfg = Release|Any CPU
		{D8576395-29B8-49D0-B400-468CB553B3D0}.Release|Any CPU.Build.0 = Release|Any CPU
	EndGlobalSection
	GlobalSection(SolutionProperties) = preSolution
		HideSolutionNode = FALSE
	EndGlobalSection
	GlobalSection(ExtensibilityGlobals) = postSolution
		SolutionGuid = {CCB025EE-5FAA-4E92-8BAE-8AA8BB8AE6C4}
	EndGlobalSection
EndGlobal
